
Microsoft Visual Studio Solution File, Format Version 12.00
# Visual Studio Version 17
VisualStudioVersion = 17.12.35707.178
MinimumVisualStudioVersion = 10.0.40219.1
Project("{2150E333-8FDC-42A3-9474-1A3956D46DE8}") = "Lambdas and Delegates", "Lambdas and Delegates", "{55E2343A-F3C5-4892-BF76-E77A1087993B}"
EndProject
Project("{FAE04EC0-301F-11D3-BF4B-00C04F79EFBC}") = "Lambdas", "Lambdas and Delegates\Lambdas\Lambdas.csproj", "{6045CD97-9FF1-48A6-AE35-87482EC3B6B5}"
EndProject
Project("{FAE04EC0-301F-11D3-BF4B-00C04F79EFBC}") = "Delegates", "Lambdas and Delegates\Delegates\Delegates.csproj", "{72BDB165-6396-47A2-8CE5-E5671F6CD031}"
EndProject
Project("{FAE04EC0-301F-11D3-BF4B-00C04F79EFBC}") = "Keywords", "Keywords\Keywords.csproj", "{4321F80F-AEFF-4527-91AC-30ABC294D767}"
EndProject
Project("{FAE04EC0-301F-11D3-BF4B-00C04F79EFBC}") = "Memory", "Memory\Memory.csproj", "{AC78AB4F-6E73-4210-A294-B7189662064D}"
EndProject
Global
	GlobalSection(SolutionConfigurationPlatforms) = preSolution
		Debug|Any CPU = Debug|Any CPU
		Release|Any CPU = Release|Any CPU
	EndGlobalSection
	GlobalSection(ProjectConfigurationPlatforms) = postSolution
		{6045CD97-9FF1-48A6-AE35-87482EC3B6B5}.Debug|Any CPU.ActiveCfg = Debug|Any CPU
		{6045CD97-9FF1-48A6-AE35-87482EC3B6B5}.Debug|Any CPU.Build.0 = Debug|Any CPU
		{6045CD97-9FF1-48A6-AE35-87482EC3B6B5}.Release|Any CPU.ActiveCfg = Release|Any CPU
		{6045CD97-9FF1-48A6-AE35-87482EC3B6B5}.Release|Any CPU.Build.0 = Release|Any CPU
		{72BDB165-6396-47A2-8CE5-E5671F6CD031}.Debug|Any CPU.ActiveCfg = Debug|Any CPU
		{72BDB165-6396-47A2-8CE5-E5671F6CD031}.Debug|Any CPU.Build.0 = Debug|Any CPU
		{72BDB165-6396-47A2-8CE5-E5671F6CD031}.Release|Any CPU.ActiveCfg = Release|Any CPU
		{72BDB165-6396-47A2-8CE5-E5671F6CD031}.Release|Any CPU.Build.0 = Release|Any CPU
		{4321F80F-AEFF-4527-91AC-30ABC294D767}.Debug|Any CPU.ActiveCfg = Debug|Any CPU
		{4321F80F-AEFF-4527-91AC-30ABC294D767}.Debug|Any CPU.Build.0 = Debug|Any CPU
		{4321F80F-AEFF-4527-91AC-30ABC294D767}.Release|Any CPU.ActiveCfg = Release|Any CPU
		{4321F80F-AEFF-4527-91AC-30ABC294D767}.Release|Any CPU.Build.0 = Release|Any CPU
		{AC78AB4F-6E73-4210-A294-B7189662064D}.Debug|Any CPU.ActiveCfg = Debug|Any CPU
		{AC78AB4F-6E73-4210-A294-B7189662064D}.Debug|Any CPU.Build.0 = Debug|Any CPU
		{AC78AB4F-6E73-4210-A294-B7189662064D}.Release|Any CPU.ActiveCfg = Release|Any CPU
		{AC78AB4F-6E73-4210-A294-B7189662064D}.Release|Any CPU.Build.0 = Release|Any CPU
	EndGlobalSection
	GlobalSection(SolutionProperties) = preSolution
		HideSolutionNode = FALSE
	EndGlobalSection
	GlobalSection(NestedProjects) = preSolution
		{6045CD97-9FF1-48A6-AE35-87482EC3B6B5} = {55E2343A-F3C5-4892-BF76-E77A1087993B}
		{72BDB165-6396-47A2-8CE5-E5671F6CD031} = {55E2343A-F3C5-4892-BF76-E77A1087993B}
		{AC78AB4F-6E73-4210-A294-B7189662064D} = {55E2343A-F3C5-4892-BF76-E77A1087993B}
	EndGlobalSection
EndGlobal
