
Microsoft Visual Studio Solution File, Format Version 12.00
# Visual Studio Version 17
VisualStudioVersion = 17.12.35707.178
MinimumVisualStudioVersion = 10.0.40219.1
Project("{2150E333-8FDC-42A3-9474-1A3956D46DE8}") = "Lambdas and Delegates", "Lambdas and Delegates", "{55E2343A-F3C5-4892-BF76-E77A1087993B}"
EndProject
Project("{FAE04EC0-301F-11D3-BF4B-00C04F79EFBC}") = "Lambdas", "Lambdas and Delegates\Lambdas\Lambdas.csproj", "{6045CD97-9FF1-48A6-AE35-87482EC3B6B5}"
EndProject
Project("{FAE04EC0-301F-11D3-BF4B-00C04F79EFBC}") = "Delegates", "Lambdas and Delegates\Delegates\Delegates.csproj", "{72BDB165-6396-47A2-8CE5-E5671F6CD031}"
EndProject
Project("{FAE04EC0-301F-11D3-BF4B-00C04F79EFBC}") = "Abstract V Interface", "Keywords\Abstract V Interface.csproj", "{4321F80F-AEFF-4527-91AC-30ABC294D767}"
EndProject
Project("{FAE04EC0-301F-11D3-BF4B-00C04F79EFBC}") = "Memory", "Memory\Memory.csproj", "{AC78AB4F-6E73-4210-A294-B7189662064D}"
EndProject
Project("{FAE04EC0-301F-11D3-BF4B-00C04F79EFBC}") = "Class v Record v Struct", "Class v Record v Struct\Class v Record v Struct.csproj", "{D1F8B21C-C26E-4709-BC09-FAFD72FB548D}"
EndProject
Project("{FAE04EC0-301F-11D3-BF4B-00C04F79EFBC}") = "DependencyInjection", "DependencyInjection\DependencyInjection.csproj", "{477712F1-0A12-414E-9719-18AFE08C6AC6}"
EndProject
Project("{FAE04EC0-301F-11D3-BF4B-00C04F79EFBC}") = "ExpressionTrees", "ExpressionTrees\ExpressionTrees.csproj", "{67477948-9A41-4F94-9E99-950CDF5B9684}"
EndProject
Project("{FAE04EC0-301F-11D3-BF4B-00C04F79EFBC}") = "DynamicTyping", "DynamicTyping\DynamicTyping.csproj", "{DF969CF6-17A1-4C6F-8E7E-6ADE50CA3C3B}"
EndProject
Project("{FAE04EC0-301F-11D3-BF4B-00C04F79EFBC}") = "Middleware", "Middleware\Middleware.csproj", "{C449832F-4392-4495-981B-764E56482F13}"
EndProject
Project("{FAE04EC0-301F-11D3-BF4B-00C04F79EFBC}") = "Iterators", "Iterators\Iterators.csproj", "{1A225A71-C9D6-40E4-ABD6-8E1D12D0275C}"
EndProject
Project("{FAE04EC0-301F-11D3-BF4B-00C04F79EFBC}") = "Async", "Async\Async.csproj", "{FAC79C44-B6C7-429D-A61D-170B654CAA8C}"
EndProject
Project("{FAE04EC0-301F-11D3-BF4B-00C04F79EFBC}") = "Reflection", "Reflection\Reflection.csproj", "{C83BE19F-BA62-4C36-BB87-7028B25166BA}"
EndProject
Project("{FAE04EC0-301F-11D3-BF4B-00C04F79EFBC}") = "Span", "Span\Span.csproj", "{6CB452B8-7165-4DF0-BB5D-CB3ACB79D187}"
EndProject
Project("{FAE04EC0-301F-11D3-BF4B-00C04F79EFBC}") = "Linq", "Linq\Linq.csproj", "{F904DF8C-4F8F-455B-B03E-FE1592780ACE}"
EndProject
Global
	GlobalSection(SolutionConfigurationPlatforms) = preSolution
		Debug|Any CPU = Debug|Any CPU
		Release|Any CPU = Release|Any CPU
	EndGlobalSection
	GlobalSection(ProjectConfigurationPlatforms) = postSolution
		{6045CD97-9FF1-48A6-AE35-87482EC3B6B5}.Debug|Any CPU.ActiveCfg = Debug|Any CPU
		{6045CD97-9FF1-48A6-AE35-87482EC3B6B5}.Debug|Any CPU.Build.0 = Debug|Any CPU
		{6045CD97-9FF1-48A6-AE35-87482EC3B6B5}.Release|Any CPU.ActiveCfg = Release|Any CPU
		{6045CD97-9FF1-48A6-AE35-87482EC3B6B5}.Release|Any CPU.Build.0 = Release|Any CPU
		{72BDB165-6396-47A2-8CE5-E5671F6CD031}.Debug|Any CPU.ActiveCfg = Debug|Any CPU
		{72BDB165-6396-47A2-8CE5-E5671F6CD031}.Debug|Any CPU.Build.0 = Debug|Any CPU
		{72BDB165-6396-47A2-8CE5-E5671F6CD031}.Release|Any CPU.ActiveCfg = Release|Any CPU
		{72BDB165-6396-47A2-8CE5-E5671F6CD031}.Release|Any CPU.Build.0 = Release|Any CPU
		{4321F80F-AEFF-4527-91AC-30ABC294D767}.Debug|Any CPU.ActiveCfg = Debug|Any CPU
		{4321F80F-AEFF-4527-91AC-30ABC294D767}.Debug|Any CPU.Build.0 = Debug|Any CPU
		{4321F80F-AEFF-4527-91AC-30ABC294D767}.Release|Any CPU.ActiveCfg = Release|Any CPU
		{4321F80F-AEFF-4527-91AC-30ABC294D767}.Release|Any CPU.Build.0 = Release|Any CPU
		{AC78AB4F-6E73-4210-A294-B7189662064D}.Debug|Any CPU.ActiveCfg = Debug|Any CPU
		{AC78AB4F-6E73-4210-A294-B7189662064D}.Debug|Any CPU.Build.0 = Debug|Any CPU
		{AC78AB4F-6E73-4210-A294-B7189662064D}.Release|Any CPU.ActiveCfg = Release|Any CPU
		{AC78AB4F-6E73-4210-A294-B7189662064D}.Release|Any CPU.Build.0 = Release|Any CPU
		{D1F8B21C-C26E-4709-BC09-FAFD72FB548D}.Debug|Any CPU.ActiveCfg = Debug|Any CPU
		{D1F8B21C-C26E-4709-BC09-FAFD72FB548D}.Debug|Any CPU.Build.0 = Debug|Any CPU
		{D1F8B21C-C26E-4709-BC09-FAFD72FB548D}.Release|Any CPU.ActiveCfg = Release|Any CPU
		{D1F8B21C-C26E-4709-BC09-FAFD72FB548D}.Release|Any CPU.Build.0 = Release|Any CPU
		{477712F1-0A12-414E-9719-18AFE08C6AC6}.Debug|Any CPU.ActiveCfg = Debug|Any CPU
		{477712F1-0A12-414E-9719-18AFE08C6AC6}.Debug|Any CPU.Build.0 = Debug|Any CPU
		{477712F1-0A12-414E-9719-18AFE08C6AC6}.Release|Any CPU.ActiveCfg = Release|Any CPU
		{477712F1-0A12-414E-9719-18AFE08C6AC6}.Release|Any CPU.Build.0 = Release|Any CPU
		{67477948-9A41-4F94-9E99-950CDF5B9684}.Debug|Any CPU.ActiveCfg = Debug|Any CPU
		{67477948-9A41-4F94-9E99-950CDF5B9684}.Debug|Any CPU.Build.0 = Debug|Any CPU
		{67477948-9A41-4F94-9E99-950CDF5B9684}.Release|Any CPU.ActiveCfg = Release|Any CPU
		{67477948-9A41-4F94-9E99-950CDF5B9684}.Release|Any CPU.Build.0 = Release|Any CPU
		{DF969CF6-17A1-4C6F-8E7E-6ADE50CA3C3B}.Debug|Any CPU.ActiveCfg = Debug|Any CPU
		{DF969CF6-17A1-4C6F-8E7E-6ADE50CA3C3B}.Debug|Any CPU.Build.0 = Debug|Any CPU
		{DF969CF6-17A1-4C6F-8E7E-6ADE50CA3C3B}.Release|Any CPU.ActiveCfg = Release|Any CPU
		{DF969CF6-17A1-4C6F-8E7E-6ADE50CA3C3B}.Release|Any CPU.Build.0 = Release|Any CPU
		{C449832F-4392-4495-981B-764E56482F13}.Debug|Any CPU.ActiveCfg = Debug|Any CPU
		{C449832F-4392-4495-981B-764E56482F13}.Debug|Any CPU.Build.0 = Debug|Any CPU
		{C449832F-4392-4495-981B-764E56482F13}.Release|Any CPU.ActiveCfg = Release|Any CPU
		{C449832F-4392-4495-981B-764E56482F13}.Release|Any CPU.Build.0 = Release|Any CPU
		{1A225A71-C9D6-40E4-ABD6-8E1D12D0275C}.Debug|Any CPU.ActiveCfg = Debug|Any CPU
		{1A225A71-C9D6-40E4-ABD6-8E1D12D0275C}.Debug|Any CPU.Build.0 = Debug|Any CPU
		{1A225A71-C9D6-40E4-ABD6-8E1D12D0275C}.Release|Any CPU.ActiveCfg = Release|Any CPU
		{1A225A71-C9D6-40E4-ABD6-8E1D12D0275C}.Release|Any CPU.Build.0 = Release|Any CPU
		{FAC79C44-B6C7-429D-A61D-170B654CAA8C}.Debug|Any CPU.ActiveCfg = Debug|Any CPU
		{FAC79C44-B6C7-429D-A61D-170B654CAA8C}.Debug|Any CPU.Build.0 = Debug|Any CPU
		{FAC79C44-B6C7-429D-A61D-170B654CAA8C}.Release|Any CPU.ActiveCfg = Release|Any CPU
		{FAC79C44-B6C7-429D-A61D-170B654CAA8C}.Release|Any CPU.Build.0 = Release|Any CPU
		{C83BE19F-BA62-4C36-BB87-7028B25166BA}.Debug|Any CPU.ActiveCfg = Debug|Any CPU
		{C83BE19F-BA62-4C36-BB87-7028B25166BA}.Debug|Any CPU.Build.0 = Debug|Any CPU
		{C83BE19F-BA62-4C36-BB87-7028B25166BA}.Release|Any CPU.ActiveCfg = Release|Any CPU
		{C83BE19F-BA62-4C36-BB87-7028B25166BA}.Release|Any CPU.Build.0 = Release|Any CPU
		{6CB452B8-7165-4DF0-BB5D-CB3ACB79D187}.Debug|Any CPU.ActiveCfg = Debug|Any CPU
		{6CB452B8-7165-4DF0-BB5D-CB3ACB79D187}.Debug|Any CPU.Build.0 = Debug|Any CPU
		{6CB452B8-7165-4DF0-BB5D-CB3ACB79D187}.Release|Any CPU.ActiveCfg = Release|Any CPU
		{6CB452B8-7165-4DF0-BB5D-CB3ACB79D187}.Release|Any CPU.Build.0 = Release|Any CPU
		{F904DF8C-4F8F-455B-B03E-FE1592780ACE}.Debug|Any CPU.ActiveCfg = Debug|Any CPU
		{F904DF8C-4F8F-455B-B03E-FE1592780ACE}.Debug|Any CPU.Build.0 = Debug|Any CPU
		{F904DF8C-4F8F-455B-B03E-FE1592780ACE}.Release|Any CPU.ActiveCfg = Release|Any CPU
		{F904DF8C-4F8F-455B-B03E-FE1592780ACE}.Release|Any CPU.Build.0 = Release|Any CPU
	EndGlobalSection
	GlobalSection(SolutionProperties) = preSolution
		HideSolutionNode = FALSE
	EndGlobalSection
	GlobalSection(NestedProjects) = preSolution
		{6045CD97-9FF1-48A6-AE35-87482EC3B6B5} = {55E2343A-F3C5-4892-BF76-E77A1087993B}
		{72BDB165-6396-47A2-8CE5-E5671F6CD031} = {55E2343A-F3C5-4892-BF76-E77A1087993B}
	EndGlobalSection
	GlobalSection(ExtensibilityGlobals) = postSolution
		SolutionGuid = {7E0DED18-4CF9-4984-BEB4-7EEC6844915C}
	EndGlobalSection
EndGlobal
